version: 6
environments:
  default:
    channels:
    - url: https://conda.anaconda.org/conda-forge/
    packages:
      linux-64:
      - conda: https://conda.anaconda.org/conda-forge/linux-64/_libgcc_mutex-0.1-conda_forge.tar.bz2
      - conda: https://conda.anaconda.org/conda-forge/linux-64/_openmp_mutex-4.5-2_gnu.tar.bz2
      - conda: https://conda.anaconda.org/conda-forge/noarch/_sysroot_linux-64_curr_repodata_hack-3-h69a702a_16.conda
      - conda: https://conda.anaconda.org/conda-forge/linux-64/binutils-2.40-h4852527_7.conda
      - conda: https://conda.anaconda.org/conda-forge/linux-64/binutils_impl_linux-64-2.40-ha1999f0_7.conda
      - conda: https://conda.anaconda.org/conda-forge/linux-64/binutils_linux-64-2.40-hb3c18ed_3.conda
      - conda: https://conda.anaconda.org/conda-forge/linux-64/bzip2-1.0.8-h4bc722e_7.conda
      - conda: https://conda.anaconda.org/conda-forge/linux-64/c-ares-1.32.3-h4bc722e_0.conda
      - conda: https://conda.anaconda.org/conda-forge/linux-64/c-compiler-1.10.0-h2b85faf_0.conda
      - conda: https://conda.anaconda.org/conda-forge/linux-64/ca-certificates-2024.8.30-hbcca054_0.conda
      - conda: https://conda.anaconda.org/conda-forge/linux-64/clang-20-20.1.8-default_hddf928d_0.conda
      - conda: https://conda.anaconda.org/conda-forge/linux-64/clang-20.1.8-default_hfa515fb_0.conda
      - conda: https://conda.anaconda.org/conda-forge/linux-64/clang-format-20-20.1.8-default_hddf928d_0.conda
      - conda: https://conda.anaconda.org/conda-forge/linux-64/clang-format-20.1.8-default_hddf928d_0.conda
      - conda: https://conda.anaconda.org/conda-forge/linux-64/clang-tools-20.1.8-default_hddf928d_0.conda
      - conda: https://conda.anaconda.org/conda-forge/linux-64/clangxx-20.1.8-default_h804c401_0.conda
      - conda: https://conda.anaconda.org/conda-forge/linux-64/cmake-3.30.3-hf9cb763_0.conda
      - conda: https://conda.anaconda.org/conda-forge/noarch/cmake-format-0.6.13-pyhd8ed1ab_0.conda
      - conda: https://conda.anaconda.org/conda-forge/linux-64/compiler-rt-20.1.8-hb700be7_0.conda
      - conda: https://conda.anaconda.org/conda-forge/noarch/compiler-rt_linux-64-20.1.8-hffcefe0_0.conda
      - conda: https://conda.anaconda.org/conda-forge/linux-64/cxx-compiler-1.10.0-h1a2810e_0.conda
      - conda: https://conda.anaconda.org/conda-forge/linux-64/gcc-13.3.0-h9576a4e_2.conda
      - conda: https://conda.anaconda.org/conda-forge/linux-64/gcc_impl_linux-64-13.3.0-h1e990d8_2.conda
      - conda: https://conda.anaconda.org/conda-forge/linux-64/gcc_linux-64-13.3.0-h6f18a23_11.conda
      - conda: https://conda.anaconda.org/conda-forge/linux-64/gxx-13.3.0-h9576a4e_2.conda
      - conda: https://conda.anaconda.org/conda-forge/linux-64/gxx_impl_linux-64-13.3.0-hae580e1_2.conda
      - conda: https://conda.anaconda.org/conda-forge/linux-64/gxx_linux-64-13.3.0-hb14504d_11.conda
      - conda: https://conda.anaconda.org/conda-forge/linux-64/icu-75.1-he02047a_0.conda
      - conda: https://conda.anaconda.org/conda-forge/linux-64/include-what-you-use-0.24-h5888daf_0.conda
      - conda: https://conda.anaconda.org/conda-forge/noarch/jinja2-3.1.4-pyhd8ed1ab_0.conda
      - conda: https://conda.anaconda.org/conda-forge/noarch/kernel-headers_linux-64-3.10.0-h4a8ded7_16.conda
      - conda: https://conda.anaconda.org/conda-forge/linux-64/keyutils-1.6.1-h166bdaf_0.tar.bz2
      - conda: https://conda.anaconda.org/conda-forge/linux-64/krb5-1.21.3-h659f571_0.conda
      - conda: https://conda.anaconda.org/conda-forge/linux-64/ld_impl_linux-64-2.40-hf3520f5_7.conda
      - conda: https://conda.anaconda.org/conda-forge/linux-64/libclang-cpp20.1-20.1.8-default_hddf928d_0.conda
      - conda: https://conda.anaconda.org/conda-forge/linux-64/libclang13-20.1.8-default_ha444ac7_0.conda
      - conda: https://conda.anaconda.org/conda-forge/linux-64/libcurl-8.10.1-hbbe4b11_0.conda
      - conda: https://conda.anaconda.org/conda-forge/linux-64/libcxx-19.1.7-h2713693_1.conda
      - conda: https://conda.anaconda.org/conda-forge/linux-64/libcxxabi-19.1.7-hd85fd95_1.conda
      - conda: https://conda.anaconda.org/conda-forge/linux-64/libedit-3.1.20191231-he28a2e2_2.tar.bz2
      - conda: https://conda.anaconda.org/conda-forge/linux-64/libev-4.33-hd590300_2.conda
      - conda: https://conda.anaconda.org/conda-forge/linux-64/libexpat-2.7.1-hecca717_0.conda
      - conda: https://conda.anaconda.org/conda-forge/linux-64/libffi-3.4.6-h2dba641_1.conda
      - conda: https://conda.anaconda.org/conda-forge/linux-64/libgcc-14.1.0-h77fa898_1.conda
      - conda: https://conda.anaconda.org/conda-forge/noarch/libgcc-devel_linux-64-13.3.0-hc03c837_102.conda
      - conda: https://conda.anaconda.org/conda-forge/linux-64/libgcc-ng-14.1.0-h69a702a_1.conda
      - conda: https://conda.anaconda.org/conda-forge/linux-64/libgomp-14.1.0-h77fa898_1.conda
      - conda: https://conda.anaconda.org/conda-forge/linux-64/libiconv-1.18-h4ce23a2_1.conda
      - conda: https://conda.anaconda.org/conda-forge/linux-64/libllvm20-20.1.8-hecd9e04_0.conda
      - conda: https://conda.anaconda.org/conda-forge/linux-64/liblzma-5.8.1-hb9d3cd8_2.conda
      - conda: https://conda.anaconda.org/conda-forge/linux-64/liblzma-devel-5.8.1-hb9d3cd8_2.conda
      - conda: https://conda.anaconda.org/conda-forge/linux-64/libmpdec-4.0.0-hb9d3cd8_0.conda
      - conda: https://conda.anaconda.org/conda-forge/linux-64/libnghttp2-1.58.0-h47da74e_1.conda
      - conda: https://conda.anaconda.org/conda-forge/linux-64/libsanitizer-13.3.0-he8ea267_2.conda
      - conda: https://conda.anaconda.org/conda-forge/linux-64/libsqlite-3.50.3-hee844dc_0.conda
      - conda: https://conda.anaconda.org/conda-forge/linux-64/libssh2-1.11.0-h0841786_0.conda
      - conda: https://conda.anaconda.org/conda-forge/linux-64/libstdcxx-14.1.0-hc0a3c3a_1.conda
      - conda: https://conda.anaconda.org/conda-forge/noarch/libstdcxx-devel_linux-64-13.3.0-hc03c837_102.conda
      - conda: https://conda.anaconda.org/conda-forge/linux-64/libstdcxx-ng-14.1.0-h4852527_1.conda
      - conda: https://conda.anaconda.org/conda-forge/linux-64/libuuid-2.38.1-h0b41bf4_0.conda
      - conda: https://conda.anaconda.org/conda-forge/linux-64/libuv-1.48.0-hd590300_0.conda
      - conda: https://conda.anaconda.org/conda-forge/linux-64/libxml2-2.13.8-h4bc477f_0.conda
      - conda: https://conda.anaconda.org/conda-forge/linux-64/libzlib-1.3.1-h4ab18f5_1.conda
      - conda: https://conda.anaconda.org/conda-forge/linux-64/llvm-tools-20-20.1.8-h3b15d91_0.conda
      - conda: https://conda.anaconda.org/conda-forge/linux-64/llvm-tools-20.1.8-hb700be7_0.conda
      - conda: https://conda.anaconda.org/conda-forge/linux-64/markupsafe-3.0.2-py313h8060acc_1.conda
      - conda: https://conda.anaconda.org/conda-forge/linux-64/ncurses-6.5-he02047a_1.conda
      - conda: https://conda.anaconda.org/conda-forge/linux-64/ninja-1.12.1-h297d8ca_0.conda
      - conda: https://conda.anaconda.org/conda-forge/linux-64/openssl-3.5.1-h7b32b05_0.conda
      - conda: https://conda.anaconda.org/conda-forge/linux-64/python-3.13.5-hec9711d_102_cp313.conda
      - conda: https://conda.anaconda.org/conda-forge/noarch/python_abi-3.13-8_cp313.conda
      - conda: https://conda.anaconda.org/conda-forge/linux-64/pyyaml-6.0.2-py313h8060acc_2.conda
      - conda: https://conda.anaconda.org/conda-forge/linux-64/readline-8.2-h8228510_1.conda
      - conda: https://conda.anaconda.org/conda-forge/linux-64/rhash-1.4.4-hd590300_0.conda
      - conda: https://conda.anaconda.org/conda-forge/noarch/six-1.16.0-pyh6c4a22f_0.tar.bz2
      - conda: https://conda.anaconda.org/conda-forge/noarch/sysroot_linux-64-2.17-h4a8ded7_16.conda
      - conda: https://conda.anaconda.org/conda-forge/linux-64/tk-8.6.13-noxft_h4845f30_101.conda
      - conda: https://conda.anaconda.org/conda-forge/noarch/tzdata-2024a-h8827d51_1.conda
      - conda: https://conda.anaconda.org/conda-forge/linux-64/xz-5.8.1-hbcc6ac9_2.conda
      - conda: https://conda.anaconda.org/conda-forge/linux-64/xz-gpl-tools-5.8.1-hbcc6ac9_2.conda
      - conda: https://conda.anaconda.org/conda-forge/linux-64/xz-tools-5.8.1-hb9d3cd8_2.conda
      - conda: https://conda.anaconda.org/conda-forge/linux-64/yaml-0.2.5-h7f98852_2.tar.bz2
      - conda: https://conda.anaconda.org/conda-forge/linux-64/zstd-1.5.7-hb8e6e7a_2.conda
packages:
- conda: https://conda.anaconda.org/conda-forge/linux-64/_libgcc_mutex-0.1-conda_forge.tar.bz2
  sha256: fe51de6107f9edc7aa4f786a70f4a883943bc9d39b3bb7307c04c41410990726
  md5: d7c89558ba9fa0495403155b64376d81
  license: None
  size: 2562
  timestamp: 1578324546067
- conda: https://conda.anaconda.org/conda-forge/linux-64/_openmp_mutex-4.5-2_gnu.tar.bz2
  build_number: 16
  sha256: fbe2c5e56a653bebb982eda4876a9178aedfc2b545f25d0ce9c4c0b508253d22
  md5: 73aaf86a425cc6e73fcf236a5a46396d
  depends:
  - _libgcc_mutex 0.1 conda_forge
  - libgomp >=7.5.0
  constrains:
  - openmp_impl 9999
  license: BSD-3-Clause
  license_family: BSD
  size: 23621
  timestamp: 1650670423406
- conda: https://conda.anaconda.org/conda-forge/noarch/_sysroot_linux-64_curr_repodata_hack-3-h69a702a_16.conda
  sha256: 6ac30acdbfd3136ee7a1de28af4355165291627e905715611726e674499b0786
  md5: 1c005af0c6ff22814b7c52ee448d4bea
  license: LGPL-2.0-or-later AND LGPL-2.0-or-later WITH exceptions AND GPL-2.0-or-later AND MPL-2.0
  license_family: GPL
  size: 20798
  timestamp: 1720621358501
- conda: https://conda.anaconda.org/conda-forge/linux-64/binutils-2.40-h4852527_7.conda
  sha256: 75d7f5cda999fe1efe9f1de1be2d3e4ce32b20cbf97d1ef7b770e2e90c062858
  md5: df53aa8418f8c289ae9b9665986034f8
  depends:
  - binutils_impl_linux-64 >=2.40,<2.41.0a0
  license: GPL-3.0-only
  license_family: GPL
  size: 31696
  timestamp: 1718625692046
- conda: https://conda.anaconda.org/conda-forge/linux-64/binutils_impl_linux-64-2.40-ha1999f0_7.conda
  sha256: 230f3136d17fdcf0e6da3a3ae59118570bc18106d79dd29bf2f341338d2a42c4
  md5: 3f840c7ed70a96b5ebde8044b2f36f32
  depends:
  - ld_impl_linux-64 2.40 hf3520f5_7
  - sysroot_linux-64
  license: GPL-3.0-only
  license_family: GPL
  size: 6250821
  timestamp: 1718625666382
- conda: https://conda.anaconda.org/conda-forge/linux-64/binutils_linux-64-2.40-hb3c18ed_3.conda
  sha256: 5bc2f56de9144c857980baff9815fdd258e163aab3864babea523bed3eebd016
  md5: 0b71bae00509f31931ebb407626352aa
  depends:
  - binutils_impl_linux-64 2.40.*
  - sysroot_linux-64
  license: BSD-3-Clause
  license_family: BSD
  size: 29049
  timestamp: 1717992426736
- conda: https://conda.anaconda.org/conda-forge/linux-64/bzip2-1.0.8-h4bc722e_7.conda
  sha256: 5ced96500d945fb286c9c838e54fa759aa04a7129c59800f0846b4335cee770d
  md5: 62ee74e96c5ebb0af99386de58cf9553
  depends:
  - __glibc >=2.17,<3.0.a0
  - libgcc-ng >=12
  license: bzip2-1.0.6
  license_family: BSD
  size: 252783
  timestamp: 1720974456583
- conda: https://conda.anaconda.org/conda-forge/linux-64/c-ares-1.32.3-h4bc722e_0.conda
  sha256: 3c5a844bb60b0d52d89c3f1bd828c9856417fe33a6102fd8bbd5c13c3351704a
  md5: 7624e34ee6baebfc80d67bac76cc9d9d
  depends:
  - __glibc >=2.17,<3.0.a0
  - libgcc-ng >=12
  license: MIT
  license_family: MIT
  size: 179736
  timestamp: 1721834714515
- conda: https://conda.anaconda.org/conda-forge/linux-64/c-compiler-1.10.0-h2b85faf_0.conda
  sha256: 70be54bfe92b72794f664ad95b6fcef74d508710a9b2d790bc9c69f5a40239c3
  md5: 9256b7e5e900a1b98aedc8d6ffe91bec
  depends:
  - binutils
  - gcc
  - gcc_linux-64 13.*
  license: BSD-3-Clause
  license_family: BSD
  size: 6667
  timestamp: 1751115555092
- conda: https://conda.anaconda.org/conda-forge/linux-64/ca-certificates-2024.8.30-hbcca054_0.conda
  sha256: afee721baa6d988e27fef1832f68d6f32ac8cc99cdf6015732224c2841a09cea
  md5: c27d1c142233b5bc9ca570c6e2e0c244
  license: ISC
  size: 159003
  timestamp: 1725018903918
- conda: https://conda.anaconda.org/conda-forge/linux-64/clang-20.1.8-default_hfa515fb_0.conda
  sha256: 24d657e540964a80a5c0959657d6ddfbde7114c411dd3b0f2117f542a03571b1
  md5: 93b8a61f9daea84ef5b1d6c839916f6d
  depends:
  - binutils_impl_linux-64
  - clang-20 20.1.8 default_hddf928d_0
  - libgcc-devel_linux-64
  - sysroot_linux-64
  license: Apache-2.0 WITH LLVM-exception
  license_family: Apache
  size: 24051
  timestamp: 1752223742852
- conda: https://conda.anaconda.org/conda-forge/linux-64/clang-20-20.1.8-default_hddf928d_0.conda
  sha256: 73711f0d2bd47db3cb7f5c37a83687650106bc490078f7dbf3842017339a88e8
  md5: d1ea0ab845d3a09906c6f0e74cdbbea8
  depends:
  - __glibc >=2.17,<3.0.a0
  - libclang-cpp20.1 20.1.8 default_hddf928d_0
  - libgcc >=14
  - libllvm20 >=20.1.8,<20.2.0a0
  - libstdcxx >=14
  license: Apache-2.0 WITH LLVM-exception
  license_family: Apache
  size: 810251
  timestamp: 1752223686417
- conda: https://conda.anaconda.org/conda-forge/linux-64/clang-format-20.1.8-default_hddf928d_0.conda
  sha256: 95ad7922c5671fe6ab7f0a1dffc02d79e51c44e3b2cd1ae2350f5fa575f02296
  md5: 96baf91e2f2fb0a8bb685d2719e7e31d
  depends:
  - __glibc >=2.17,<3.0.a0
  - clang-format-20 20.1.8 default_hddf928d_0
  - libclang-cpp20.1 >=20.1.8,<20.2.0a0
  - libgcc >=14
  - libllvm20 >=20.1.8,<20.2.0a0
  - libstdcxx >=14
  license: Apache-2.0 WITH LLVM-exception
  license_family: Apache
  size: 24481
  timestamp: 1752223951857
- conda: https://conda.anaconda.org/conda-forge/linux-64/clang-format-20-20.1.8-default_hddf928d_0.conda
  sha256: 890268cdcab41e46c9f9d1b6967dcd5ff9d847c81ddd18658bf7f2f4d1e807a4
  md5: a1513a9fc49a5765d23f2862b49c86c7
  depends:
  - __glibc >=2.17,<3.0.a0
  - libclang-cpp20.1 >=20.1.8,<20.2.0a0
  - libgcc >=14
  - libllvm20 >=20.1.8,<20.2.0a0
  - libstdcxx >=14
  license: Apache-2.0 WITH LLVM-exception
  license_family: Apache
  size: 67788
  timestamp: 1752223900328
- conda: https://conda.anaconda.org/conda-forge/linux-64/clang-tools-20.1.8-default_hddf928d_0.conda
  sha256: 5130128e4c45bf4618281a06b79f55ac2bce47a6cee5b97cdbfca2c2cc70104f
  md5: 34956875ae7fcbea7d321e9da1d49074
  depends:
  - __glibc >=2.17,<3.0.a0
  - clang-format 20.1.8 default_hddf928d_0
  - libclang-cpp20.1 >=20.1.8,<20.2.0a0
  - libclang13 >=20.1.8
  - libgcc >=14
  - libllvm20 >=20.1.8,<20.2.0a0
  - libstdcxx >=14
  - libxml2 >=2.13.8,<2.14.0a0
  constrains:
  - clangdev 20.1.8
  license: Apache-2.0 WITH LLVM-exception
  license_family: Apache
  size: 21948893
  timestamp: 1752223995591
- conda: https://conda.anaconda.org/conda-forge/linux-64/clangxx-20.1.8-default_h804c401_0.conda
  sha256: 0ad30c97485a3f0aeb26aeb5d22d786694f53eb87b1743be6c91fd0d10c5051e
  md5: 62749e02ee55cfaa446a1d7ad94a718b
  depends:
  - clang 20.1.8 default_hfa515fb_0
  - libstdcxx-devel_linux-64
  license: Apache-2.0 WITH LLVM-exception
  license_family: Apache
  size: 24202
  timestamp: 1752223753995
- conda: https://conda.anaconda.org/conda-forge/linux-64/cmake-3.30.3-hf9cb763_0.conda
  sha256: c7be0a5c4557942ca6797bf07a9736eede2bca64cb59fdb3934cdaf49ae1836a
  md5: fc8302679ce2d68307de499d01236928
  depends:
  - __glibc >=2.17,<3.0.a0
  - bzip2 >=1.0.8,<2.0a0
  - libcurl >=8.9.1,<9.0a0
  - libexpat >=2.6.2,<3.0a0
  - libgcc >=13
  - libstdcxx >=13
  - libuv >=1.48.0,<2.0a0
  - libzlib >=1.3.1,<2.0a0
  - ncurses >=6.5,<7.0a0
  - rhash >=1.4.4,<2.0a0
  - xz >=5.2.6,<6.0a0
  - zstd >=1.5.6,<1.6.0a0
  license: BSD-3-Clause
  license_family: BSD
  size: 19719059
  timestamp: 1725001559105
- conda: https://conda.anaconda.org/conda-forge/noarch/cmake-format-0.6.13-pyhd8ed1ab_0.conda
  sha256: a916122754ff244143e5fff02362d2efd2b44228e56aee682acdf6960d8a49e8
  md5: 0d8dbd5e9d09c51b4e23ce5c07941c22
  depends:
  - jinja2 >=2.10.3
  - python >=3.6
  - pyyaml >=5.3
  - six >=1.13.0
  license: GPL-3.0-only
  license_family: GPL
  size: 134110
  timestamp: 1697815674808
- conda: https://conda.anaconda.org/conda-forge/linux-64/compiler-rt-20.1.8-hb700be7_0.conda
  sha256: 826eee7114e72b413108670ebed5149434c9aca8f2bb610d2d652725a925f0c6
  md5: 36068f16a85747a2dae4f910a0815f4c
  depends:
  - __glibc >=2.17,<3.0.a0
  - clang 20.1.8.*
  - compiler-rt_linux-64 20.1.8.*
  - libgcc >=14
  - libstdcxx >=14
  license: Apache-2.0 WITH LLVM-exception
  license_family: APACHE
  size: 114146
  timestamp: 1752561814240
- conda: https://conda.anaconda.org/conda-forge/noarch/compiler-rt_linux-64-20.1.8-hffcefe0_0.conda
  sha256: bb8c1a4d89aea2efbcc3e4fb5c249b240781bd08658162613a2810d3f0b7b9b6
  md5: 9457be0ce4e5aef559f47b0993a8ff7c
  depends:
  - clang 20.1.8.*
  constrains:
  - compiler-rt 20.1.8
  - clangxx 20.1.8
  license: Apache-2.0 WITH LLVM-exception
  license_family: APACHE
  size: 48947589
  timestamp: 1752561740171
- conda: https://conda.anaconda.org/conda-forge/linux-64/cxx-compiler-1.10.0-h1a2810e_0.conda
  sha256: 88ff4a72ad70a3b9a20a0296e395c0caaa6dc0a0e46a752aa683fb42be03facd
  md5: 3cd322edac3d40904ff07355a8be8086
  depends:
  - c-compiler 1.10.0 h2b85faf_0
  - gxx
  - gxx_linux-64 13.*
  license: BSD-3-Clause
  license_family: BSD
  size: 6633
  timestamp: 1751115555450
- conda: https://conda.anaconda.org/conda-forge/linux-64/gcc-13.3.0-h9576a4e_2.conda
  sha256: 300f077029e7626d69cc250a69acd6018c1fced3f5bf76adf37854f3370d2c45
  md5: d92e51bf4b6bdbfe45e5884fb0755afe
  depends:
  - gcc_impl_linux-64 13.3.0.*
  license: BSD-3-Clause
  license_family: BSD
  size: 55246
  timestamp: 1740240578937
- conda: https://conda.anaconda.org/conda-forge/linux-64/gcc_impl_linux-64-13.3.0-h1e990d8_2.conda
  sha256: c3e9f243ea8292eecad78bb200d8f5b590e0f82bf7e7452a3a7c8df4eea6f774
  md5: f46cf0acdcb6019397d37df1e407ab91
  depends:
  - binutils_impl_linux-64 >=2.40
  - libgcc >=13.3.0
  - libgcc-devel_linux-64 13.3.0 hc03c837_102
  - libgomp >=13.3.0
  - libsanitizer 13.3.0 he8ea267_2
  - libstdcxx >=13.3.0
  - sysroot_linux-64
  license: GPL-3.0-only WITH GCC-exception-3.1
  license_family: GPL
  size: 66770653
  timestamp: 1740240400031
- conda: https://conda.anaconda.org/conda-forge/linux-64/gcc_linux-64-13.3.0-h6f18a23_11.conda
  sha256: b2533388ec510ef0fc95774f15fdfb89582623049494506ea27622333f90bc09
  md5: 639ef869618e311eee4888fcb40747e2
  depends:
  - binutils_linux-64
  - gcc_impl_linux-64 13.3.0.*
  - sysroot_linux-64
  license: BSD-3-Clause
  license_family: BSD
  size: 32538
  timestamp: 1748905867619
- conda: https://conda.anaconda.org/conda-forge/linux-64/gxx-13.3.0-h9576a4e_2.conda
  sha256: fa9d0171c17e4c4203a4199fcc35571a25c1f16c0ad992080d4f0ced53bf5aa5
  md5: 07e8df00b7cd3084ad3ef598ce32a71c
  depends:
  - gcc 13.3.0.*
  - gxx_impl_linux-64 13.3.0.*
  license: BSD-3-Clause
  license_family: BSD
  size: 54718
  timestamp: 1740240712365
- conda: https://conda.anaconda.org/conda-forge/linux-64/gxx_impl_linux-64-13.3.0-hae580e1_2.conda
  sha256: 7cb36526a5c3e75ae07452aee5c9b6219f62fad9f85cc6d1dab5b21d1c4cc996
  md5: b55f02540605c322a47719029f8404cc
  depends:
  - gcc_impl_linux-64 13.3.0 h1e990d8_2
  - libstdcxx-devel_linux-64 13.3.0 hc03c837_102
  - sysroot_linux-64
  - tzdata
  license: GPL-3.0-only WITH GCC-exception-3.1
  license_family: GPL
  size: 13362974
  timestamp: 1740240672045
- conda: https://conda.anaconda.org/conda-forge/linux-64/gxx_linux-64-13.3.0-hb14504d_11.conda
  sha256: dda6a2765249c40168defea26aa67ff37d4d9fd214fb6e8d4fe0f434033bef87
  md5: 2ca7575e4f2da39c5ee260e022ab1a6f
  depends:
  - binutils_linux-64
  - gcc_linux-64 13.3.0 h6f18a23_11
  - gxx_impl_linux-64 13.3.0.*
  - sysroot_linux-64
  license: BSD-3-Clause
  license_family: BSD
  size: 30844
  timestamp: 1748905886442
- conda: https://conda.anaconda.org/conda-forge/linux-64/icu-75.1-he02047a_0.conda
  sha256: 71e750d509f5fa3421087ba88ef9a7b9be11c53174af3aa4d06aff4c18b38e8e
  md5: 8b189310083baabfb622af68fd9d3ae3
  depends:
  - __glibc >=2.17,<3.0.a0
  - libgcc-ng >=12
  - libstdcxx-ng >=12
  license: MIT
  license_family: MIT
  size: 12129203
  timestamp: 1720853576813
- conda: https://conda.anaconda.org/conda-forge/linux-64/include-what-you-use-0.24-h5888daf_0.conda
  sha256: 44bb9906b8608a47f0f0c2e67b517d3626c2c37a28aec3de04ad7fdfc35dc468
  md5: 0234ecf42b64d547e9e3f2b771ba67ce
  depends:
  - __glibc >=2.17,<3.0.a0
  - libclang-cpp20.1 >=20.1.2,<20.2.0a0
  - libgcc >=13
  - libllvm20 >=20.1.2,<20.2.0a0
  - libstdcxx >=13
  license: NCSA
  license_family: OTHER
  size: 835929
  timestamp: 1743870372809
- conda: https://conda.anaconda.org/conda-forge/noarch/jinja2-3.1.4-pyhd8ed1ab_0.conda
  sha256: 27380d870d42d00350d2d52598cddaf02f9505fb24be09488da0c9b8d1428f2d
  md5: 7b86ecb7d3557821c649b3c31e3eb9f2
  depends:
  - markupsafe >=2.0
  - python >=3.7
  license: BSD-3-Clause
  license_family: BSD
  size: 111565
  timestamp: 1715127275924
- conda: https://conda.anaconda.org/conda-forge/noarch/kernel-headers_linux-64-3.10.0-h4a8ded7_16.conda
  sha256: a55044e0f61058a5f6bab5e1dd7f15a1fa7a08ec41501dbfca5ab0fc50b9c0c1
  md5: ff7f38675b226cfb855aebfc32a13e31
  depends:
  - _sysroot_linux-64_curr_repodata_hack 3.*
  constrains:
  - sysroot_linux-64 ==2.17
  license: LGPL-2.0-or-later AND LGPL-2.0-or-later WITH exceptions AND GPL-2.0-or-later AND MPL-2.0
  license_family: GPL
  size: 944344
  timestamp: 1720621422017
- conda: https://conda.anaconda.org/conda-forge/linux-64/keyutils-1.6.1-h166bdaf_0.tar.bz2
  sha256: 150c05a6e538610ca7c43beb3a40d65c90537497a4f6a5f4d15ec0451b6f5ebb
  md5: 30186d27e2c9fa62b45fb1476b7200e3
  depends:
  - libgcc-ng >=10.3.0
  license: LGPL-2.1-or-later
  size: 117831
  timestamp: 1646151697040
- conda: https://conda.anaconda.org/conda-forge/linux-64/krb5-1.21.3-h659f571_0.conda
  sha256: 99df692f7a8a5c27cd14b5fb1374ee55e756631b9c3d659ed3ee60830249b238
  md5: 3f43953b7d3fb3aaa1d0d0723d91e368
  depends:
  - keyutils >=1.6.1,<2.0a0
  - libedit >=3.1.20191231,<3.2.0a0
  - libedit >=3.1.20191231,<4.0a0
  - libgcc-ng >=12
  - libstdcxx-ng >=12
  - openssl >=3.3.1,<4.0a0
  license: MIT
  license_family: MIT
  size: 1370023
  timestamp: 1719463201255
- conda: https://conda.anaconda.org/conda-forge/linux-64/ld_impl_linux-64-2.40-hf3520f5_7.conda
  sha256: 764b6950aceaaad0c67ef925417594dd14cd2e22fff864aeef455ac259263d15
  md5: b80f2f396ca2c28b8c14c437a4ed1e74
  constrains:
  - binutils_impl_linux-64 2.40
  license: GPL-3.0-only
  license_family: GPL
  size: 707602
  timestamp: 1718625640445
- conda: https://conda.anaconda.org/conda-forge/linux-64/libclang-cpp20.1-20.1.8-default_hddf928d_0.conda
  sha256: 202742a287db5889ae5511fab24b4aff40f0c515476c1ea130ff56fae4dd565a
  md5: b939740734ad5a8e8f6c942374dee68d
  depends:
  - __glibc >=2.17,<3.0.a0
  - libgcc >=14
  - libllvm20 >=20.1.8,<20.2.0a0
  - libstdcxx >=14
  license: Apache-2.0 WITH LLVM-exception
  license_family: Apache
  size: 21250278
  timestamp: 1752223579291
- conda: https://conda.anaconda.org/conda-forge/linux-64/libclang13-20.1.8-default_ha444ac7_0.conda
  sha256: 39fdf9616df5dd13dee881fc19e8f9100db2319e121d9b673a3fc6a0c76743a3
  md5: 783f9cdcb0255ed00e3f1be22e16de40
  depends:
  - __glibc >=2.17,<3.0.a0
  - libgcc >=14
  - libllvm20 >=20.1.8,<20.2.0a0
  - libstdcxx >=14
  license: Apache-2.0 WITH LLVM-exception
  license_family: Apache
  size: 12353158
  timestamp: 1752223792409
- conda: https://conda.anaconda.org/conda-forge/linux-64/libcurl-8.10.1-hbbe4b11_0.conda
  sha256: 54e6114dfce566c3a22ad3b7b309657e3600cdb668398e95f1301360d5d52c99
  md5: 6e801c50a40301f6978c53976917b277
  depends:
  - __glibc >=2.17,<3.0.a0
  - krb5 >=1.21.3,<1.22.0a0
  - libgcc >=13
  - libnghttp2 >=1.58.0,<2.0a0
  - libssh2 >=1.11.0,<2.0a0
  - libzlib >=1.3.1,<2.0a0
  - openssl >=3.3.2,<4.0a0
  - zstd >=1.5.6,<1.6.0a0
  license: curl
  license_family: MIT
  size: 424900
  timestamp: 1726659794676
- conda: https://conda.anaconda.org/conda-forge/linux-64/libcxx-19.1.7-h2713693_1.conda
  sha256: 79b0365adb7e3072dc8a2b17d90aaa20824b8f5f8ccc3481af5a6abeb67122f1
  md5: df67185726cc28633d83b0e8f1a08a84
  depends:
  - __glibc >=2.17,<3.0.a0
  - libcxxabi 19.1.7 hd85fd95_1
  - libgcc >=14
  constrains:
  - sysroot_linux-64 >=2.17
  license: Apache-2.0 WITH LLVM-exception
  license_family: Apache
  size: 1023747
  timestamp: 1742451317741
- conda: https://conda.anaconda.org/conda-forge/linux-64/libcxxabi-19.1.7-hd85fd95_1.conda
  sha256: c5575bf969c01f7e89cdbe20432573209ca796e8e2b8e4247b277e887109c02d
  md5: 726383687955dfd7291edf3864749351
  depends:
  - __glibc >=2.17,<3.0.a0
  - libgcc >=14
  constrains:
  - libcxx 19.1.7.*
  license: Apache-2.0 WITH LLVM-exception
  license_family: Apache
  size: 161332
  timestamp: 1742451303830
- conda: https://conda.anaconda.org/conda-forge/linux-64/libedit-3.1.20191231-he28a2e2_2.tar.bz2
  sha256: a57d37c236d8f7c886e01656f4949d9dcca131d2a0728609c6f7fa338b65f1cf
  md5: 4d331e44109e3f0e19b4cb8f9b82f3e1
  depends:
  - libgcc-ng >=7.5.0
  - ncurses >=6.2,<7.0.0a0
  license: BSD-2-Clause
  license_family: BSD
  size: 123878
  timestamp: 1597616541093
- conda: https://conda.anaconda.org/conda-forge/linux-64/libev-4.33-hd590300_2.conda
  sha256: 1cd6048169fa0395af74ed5d8f1716e22c19a81a8a36f934c110ca3ad4dd27b4
  md5: 172bf1cd1ff8629f2b1179945ed45055
  depends:
  - libgcc-ng >=12
  license: BSD-2-Clause
  license_family: BSD
  size: 112766
  timestamp: 1702146165126
- conda: https://conda.anaconda.org/conda-forge/linux-64/libexpat-2.7.1-hecca717_0.conda
  sha256: da2080da8f0288b95dd86765c801c6e166c4619b910b11f9a8446fb852438dc2
  md5: 4211416ecba1866fab0c6470986c22d6
  depends:
  - __glibc >=2.17,<3.0.a0
  - libgcc >=14
  constrains:
  - expat 2.7.1.*
  license: MIT
  license_family: MIT
  size: 74811
  timestamp: 1752719572741
- conda: https://conda.anaconda.org/conda-forge/linux-64/libffi-3.4.6-h2dba641_1.conda
  sha256: 764432d32db45466e87f10621db5b74363a9f847d2b8b1f9743746cd160f06ab
  md5: ede4673863426c0883c0063d853bbd85
  depends:
  - __glibc >=2.17,<3.0.a0
  - libgcc >=13
  license: MIT
  license_family: MIT
  size: 57433
  timestamp: 1743434498161
- conda: https://conda.anaconda.org/conda-forge/linux-64/libgcc-14.1.0-h77fa898_1.conda
  sha256: 10fa74b69266a2be7b96db881e18fa62cfa03082b65231e8d652e897c4b335a3
  md5: 002ef4463dd1e2b44a94a4ace468f5d2
  depends:
  - _libgcc_mutex 0.1 conda_forge
  - _openmp_mutex >=4.5
  constrains:
  - libgomp 14.1.0 h77fa898_1
  - libgcc-ng ==14.1.0=*_1
  license: GPL-3.0-only WITH GCC-exception-3.1
  license_family: GPL
  size: 846380
  timestamp: 1724801836552
- conda: https://conda.anaconda.org/conda-forge/noarch/libgcc-devel_linux-64-13.3.0-hc03c837_102.conda
  sha256: 538544a2e0651bfeb0348ca6469b6b608606f6080a0b5a531af3a3852fec0215
  md5: 4c1d6961a6a54f602ae510d9bf31fa60
  depends:
  - __unix
  license: GPL-3.0-only WITH GCC-exception-3.1
  license_family: GPL
  size: 2597400
  timestamp: 1740240211859
- conda: https://conda.anaconda.org/conda-forge/linux-64/libgcc-ng-14.1.0-h69a702a_1.conda
  sha256: b91f7021e14c3d5c840fbf0dc75370d6e1f7c7ff4482220940eaafb9c64613b7
  md5: 1efc0ad219877a73ef977af7dbb51f17
  depends:
  - libgcc 14.1.0 h77fa898_1
  license: GPL-3.0-only WITH GCC-exception-3.1
  license_family: GPL
  size: 52170
  timestamp: 1724801842101
- conda: https://conda.anaconda.org/conda-forge/linux-64/libgomp-14.1.0-h77fa898_1.conda
  sha256: c96724c8ae4ee61af7674c5d9e5a3fbcf6cd887a40ad5a52c99aa36f1d4f9680
  md5: 23c255b008c4f2ae008f81edcabaca89
  depends:
  - _libgcc_mutex 0.1 conda_forge
  license: GPL-3.0-only WITH GCC-exception-3.1
  license_family: GPL
  size: 460218
  timestamp: 1724801743478
- conda: https://conda.anaconda.org/conda-forge/linux-64/libiconv-1.18-h4ce23a2_1.conda
  sha256: 18a4afe14f731bfb9cf388659994263904d20111e42f841e9eea1bb6f91f4ab4
  md5: e796ff8ddc598affdf7c173d6145f087
  depends:
  - __glibc >=2.17,<3.0.a0
  - libgcc >=13
  license: LGPL-2.1-only
  size: 713084
  timestamp: 1740128065462
- conda: https://conda.anaconda.org/conda-forge/linux-64/libllvm20-20.1.8-hecd9e04_0.conda
  sha256: a6fddc510de09075f2b77735c64c7b9334cf5a26900da351779b275d9f9e55e1
  md5: 59a7b967b6ef5d63029b1712f8dcf661
  depends:
  - __glibc >=2.17,<3.0.a0
  - libgcc >=14
  - libstdcxx >=14
  - libxml2 >=2.13.8,<2.14.0a0
  - libzlib >=1.3.1,<2.0a0
  - zstd >=1.5.7,<1.6.0a0
  license: Apache-2.0 WITH LLVM-exception
  license_family: Apache
  size: 43987020
  timestamp: 1752141980723
- conda: https://conda.anaconda.org/conda-forge/linux-64/liblzma-5.8.1-hb9d3cd8_2.conda
  sha256: f2591c0069447bbe28d4d696b7fcb0c5bd0b4ac582769b89addbcf26fb3430d8
  md5: 1a580f7796c7bf6393fddb8bbbde58dc
  depends:
  - __glibc >=2.17,<3.0.a0
  - libgcc >=13
  constrains:
  - xz 5.8.1.*
  license: 0BSD
  size: 112894
  timestamp: 1749230047870
- conda: https://conda.anaconda.org/conda-forge/linux-64/liblzma-devel-5.8.1-hb9d3cd8_2.conda
  sha256: 329e66330a8f9cbb6a8d5995005478188eb4ba8a6b6391affa849744f4968492
  md5: f61edadbb301530bd65a32646bd81552
  depends:
  - __glibc >=2.17,<3.0.a0
  - libgcc >=13
  - liblzma 5.8.1 hb9d3cd8_2
  license: 0BSD
  size: 439868
  timestamp: 1749230061968
- conda: https://conda.anaconda.org/conda-forge/linux-64/libmpdec-4.0.0-hb9d3cd8_0.conda
  sha256: 3aa92d4074d4063f2a162cd8ecb45dccac93e543e565c01a787e16a43501f7ee
  md5: c7e925f37e3b40d893459e625f6a53f1
  depends:
  - __glibc >=2.17,<3.0.a0
  - libgcc >=13
  license: BSD-2-Clause
  license_family: BSD
  size: 91183
  timestamp: 1748393666725
- conda: https://conda.anaconda.org/conda-forge/linux-64/libnghttp2-1.58.0-h47da74e_1.conda
  sha256: 1910c5306c6aa5bcbd623c3c930c440e9c77a5a019008e1487810e3c1d3716cb
  md5: 700ac6ea6d53d5510591c4344d5c989a
  depends:
  - c-ares >=1.23.0,<2.0a0
  - libev >=4.33,<4.34.0a0
  - libev >=4.33,<5.0a0
  - libgcc-ng >=12
  - libstdcxx-ng >=12
  - libzlib >=1.2.13,<2.0.0a0
  - openssl >=3.2.0,<4.0a0
  license: MIT
  license_family: MIT
  size: 631936
  timestamp: 1702130036271
- conda: https://conda.anaconda.org/conda-forge/linux-64/libsanitizer-13.3.0-he8ea267_2.conda
  sha256: 27c4c8bf8e2dd60182d47274389be7c70446df6ed5344206266321ee749158b4
  md5: 2b6cdf7bb95d3d10ef4e38ce0bc95dba
  depends:
  - __glibc >=2.17,<3.0.a0
  - libgcc >=13.3.0
  - libstdcxx >=13.3.0
  license: GPL-3.0-only WITH GCC-exception-3.1
  license_family: GPL
  size: 4155341
  timestamp: 1740240344242
- conda: https://conda.anaconda.org/conda-forge/linux-64/libsqlite-3.50.3-hee844dc_0.conda
  sha256: 10891c917031d27c546d397f22e09c449c6c10782f2c0a069f361a502d286f3c
  md5: 4fe4c3b7ce84cda6508b6d78f0ce72e3
  depends:
  - __glibc >=2.17,<3.0.a0
  - icu >=75.1,<76.0a0
  - libgcc >=14
  - libzlib >=1.3.1,<2.0a0
  license: Unlicense
  size: 935794
  timestamp: 1752825101149
- conda: https://conda.anaconda.org/conda-forge/linux-64/libssh2-1.11.0-h0841786_0.conda
  sha256: 50e47fd9c4f7bf841a11647ae7486f65220cfc988ec422a4475fe8d5a823824d
  md5: 1f5a58e686b13bcfde88b93f547d23fe
  depends:
  - libgcc-ng >=12
  - libzlib >=1.2.13,<2.0.0a0
  - openssl >=3.1.1,<4.0a0
  license: BSD-3-Clause
  license_family: BSD
  size: 271133
  timestamp: 1685837707056
- conda: https://conda.anaconda.org/conda-forge/linux-64/libstdcxx-14.1.0-hc0a3c3a_1.conda
  sha256: 44decb3d23abacf1c6dd59f3c152a7101b7ca565b4ef8872804ceaedcc53a9cd
  md5: 9dbb9699ea467983ba8a4ba89b08b066
  depends:
  - libgcc 14.1.0 h77fa898_1
  license: GPL-3.0-only WITH GCC-exception-3.1
  license_family: GPL
  size: 3892781
  timestamp: 1724801863728
- conda: https://conda.anaconda.org/conda-forge/noarch/libstdcxx-devel_linux-64-13.3.0-hc03c837_102.conda
  sha256: abc89056d4ca7debe938504b3b6d9ccc6d7a0f0b528fe3409230636a21e81002
  md5: aa38de2738c5f4a72a880e3d31ffe8b4
  depends:
  - __unix
  license: GPL-3.0-only WITH GCC-exception-3.1
  license_family: GPL
  size: 12873130
  timestamp: 1740240239655
- conda: https://conda.anaconda.org/conda-forge/linux-64/libstdcxx-ng-14.1.0-h4852527_1.conda
  sha256: a2dc44f97290740cc187bfe94ce543e6eb3c2ea8964d99f189a1d8c97b419b8c
  md5: bd2598399a70bb86d8218e95548d735e
  depends:
  - libstdcxx 14.1.0 hc0a3c3a_1
  license: GPL-3.0-only WITH GCC-exception-3.1
  license_family: GPL
  size: 52219
  timestamp: 1724801897766
- conda: https://conda.anaconda.org/conda-forge/linux-64/libuuid-2.38.1-h0b41bf4_0.conda
  sha256: 787eb542f055a2b3de553614b25f09eefb0a0931b0c87dbcce6efdfd92f04f18
  md5: 40b61aab5c7ba9ff276c41cfffe6b80b
  depends:
  - libgcc-ng >=12
  license: BSD-3-Clause
  license_family: BSD
  size: 33601
  timestamp: 1680112270483
- conda: https://conda.anaconda.org/conda-forge/linux-64/libuv-1.48.0-hd590300_0.conda
  sha256: b7c0e8a0c93c2621be7645b37123d4e8d27e8a974da26a3fba47a9c37711aa7f
  md5: 7e8b914b1062dd4386e3de4d82a3ead6
  depends:
  - libgcc-ng >=12
  license: MIT
  license_family: MIT
  size: 899979
  timestamp: 1709913354710
- conda: https://conda.anaconda.org/conda-forge/linux-64/libxml2-2.13.8-h4bc477f_0.conda
  sha256: b0b3a96791fa8bb4ec030295e8c8bf2d3278f33c0f9ad540e73b5e538e6268e7
  md5: 14dbe05b929e329dbaa6f2d0aa19466d
  depends:
  - __glibc >=2.17,<3.0.a0
  - icu >=75.1,<76.0a0
  - libgcc >=13
  - libiconv >=1.18,<2.0a0
  - liblzma >=5.8.1,<6.0a0
  - libzlib >=1.3.1,<2.0a0
  license: MIT
  license_family: MIT
  size: 690864
  timestamp: 1746634244154
- conda: https://conda.anaconda.org/conda-forge/linux-64/libzlib-1.3.1-h4ab18f5_1.conda
  sha256: adf6096f98b537a11ae3729eaa642b0811478f0ea0402ca67b5108fe2cb0010d
  md5: 57d7dc60e9325e3de37ff8dffd18e814
  depends:
  - libgcc-ng >=12
  constrains:
  - zlib 1.3.1 *_1
  license: Zlib
  license_family: Other
  size: 61574
  timestamp: 1716874187109
- conda: https://conda.anaconda.org/conda-forge/linux-64/llvm-tools-20.1.8-hb700be7_0.conda
  sha256: bf4910ca64a1996eabbbefc000c67fc7fbdad07bf51adc6d7d2a20ac2c940106
  md5: b4568c05aa174fc56a77cda0f75f49ba
  depends:
  - __glibc >=2.17,<3.0.a0
  - libgcc >=14
  - libllvm20 20.1.8 hecd9e04_0
  - libstdcxx >=14
  - llvm-tools-20 20.1.8 h3b15d91_0
  constrains:
  - clang-tools 20.1.8
  - llvm        20.1.8
  - clang       20.1.8
  - llvmdev     20.1.8
  license: Apache-2.0 WITH LLVM-exception
  license_family: Apache
  size: 87745
  timestamp: 1752142160720
- conda: https://conda.anaconda.org/conda-forge/linux-64/llvm-tools-20-20.1.8-h3b15d91_0.conda
  sha256: a778e7f844bc264a4d576481ef025bf8c199b3967aed00e24670d425e4af31cf
  md5: 2be84af63d5ef97a457cdc92d3550b1e
  depends:
  - __glibc >=2.17,<3.0.a0
  - libgcc >=14
  - libllvm20 20.1.8 hecd9e04_0
  - libstdcxx >=14
  - libzlib >=1.3.1,<2.0a0
  - zstd >=1.5.7,<1.6.0a0
  license: Apache-2.0 WITH LLVM-exception
  license_family: Apache
  size: 26656688
  timestamp: 1752142103283
- conda: https://conda.anaconda.org/conda-forge/linux-64/markupsafe-3.0.2-py313h8060acc_1.conda
  sha256: d812caf52efcea7c9fd0eafb21d45dadfd0516812f667b928bee50e87634fae5
  md5: 21b62c55924f01b6eef6827167b46acb
  depends:
  - __glibc >=2.17,<3.0.a0
  - libgcc >=13
  - python >=3.13,<3.14.0a0
  - python_abi 3.13.* *_cp313
  constrains:
  - jinja2 >=3.0.0
  license: BSD-3-Clause
  license_family: BSD
  size: 24856
  timestamp: 1733219782830
- conda: https://conda.anaconda.org/conda-forge/linux-64/ncurses-6.5-he02047a_1.conda
  sha256: 6a1d5d8634c1a07913f1c525db6455918cbc589d745fac46d9d6e30340c8731a
  md5: 70caf8bb6cf39a0b6b7efc885f51c0fe
  depends:
  - __glibc >=2.17,<3.0.a0
  - libgcc-ng >=12
  license: X11 AND BSD-3-Clause
  size: 889086
  timestamp: 1724658547447
- conda: https://conda.anaconda.org/conda-forge/linux-64/ninja-1.12.1-h297d8ca_0.conda
  sha256: 40f7b76b07067935f8a5886aab0164067b7aa71eb5ad20b7278618c0c2c98e06
  md5: 3aa1c7e292afeff25a0091ddd7c69b72
  depends:
  - libgcc-ng >=12
  - libstdcxx-ng >=12
  license: Apache-2.0
  license_family: Apache
  size: 2198858
  timestamp: 1715440571685
- conda: https://conda.anaconda.org/conda-forge/linux-64/openssl-3.5.1-h7b32b05_0.conda
  sha256: 942347492164190559e995930adcdf84e2fea05307ec8012c02a505f5be87462
  md5: c87df2ab1448ba69169652ab9547082d
  depends:
  - __glibc >=2.17,<3.0.a0
  - ca-certificates
  - libgcc >=13
  license: Apache-2.0
  license_family: Apache
  size: 3131002
  timestamp: 1751390382076
- conda: https://conda.anaconda.org/conda-forge/linux-64/python-3.13.5-hec9711d_102_cp313.conda
  build_number: 102
  sha256: c2cdcc98ea3cbf78240624e4077e164dc9d5588eefb044b4097c3df54d24d504
  md5: 89e07d92cf50743886f41638d58c4328
  depends:
  - __glibc >=2.17,<3.0.a0
  - bzip2 >=1.0.8,<2.0a0
  - ld_impl_linux-64 >=2.36.1
  - libexpat >=2.7.0,<3.0a0
  - libffi >=3.4.6,<3.5.0a0
  - libgcc >=13
  - liblzma >=5.8.1,<6.0a0
  - libmpdec >=4.0.0,<5.0a0
  - libsqlite >=3.50.1,<4.0a0
  - libuuid >=2.38.1,<3.0a0
  - libzlib >=1.3.1,<2.0a0
  - ncurses >=6.5,<7.0a0
  - openssl >=3.5.0,<4.0a0
  - python_abi 3.13.* *_cp313
  - readline >=8.2,<9.0a0
  - tk >=8.6.13,<8.7.0a0
  - tzdata
  license: Python-2.0
  size: 33273132
  timestamp: 1750064035176
  python_site_packages_path: lib/python3.13/site-packages
- conda: https://conda.anaconda.org/conda-forge/noarch/python_abi-3.13-8_cp313.conda
  build_number: 8
  sha256: 210bffe7b121e651419cb196a2a63687b087497595c9be9d20ebe97dd06060a7
  md5: 94305520c52a4aa3f6c2b1ff6008d9f8
  constrains:
  - python 3.13.* *_cp313
  license: BSD-3-Clause
  license_family: BSD
  size: 7002
  timestamp: 1752805902938
- conda: https://conda.anaconda.org/conda-forge/linux-64/pyyaml-6.0.2-py313h8060acc_2.conda
  sha256: 6826217690cfe92d6d49cdeedb6d63ab32f51107105d6a459d30052a467037a0
  md5: 50992ba61a8a1f8c2d346168ae1c86df
  depends:
  - __glibc >=2.17,<3.0.a0
  - libgcc >=13
  - python >=3.13,<3.14.0a0
  - python_abi 3.13.* *_cp313
  - yaml >=0.2.5,<0.3.0a0
  license: MIT
  license_family: MIT
  size: 205919
  timestamp: 1737454783637
- conda: https://conda.anaconda.org/conda-forge/linux-64/readline-8.2-h8228510_1.conda
  sha256: 5435cf39d039387fbdc977b0a762357ea909a7694d9528ab40f005e9208744d7
  md5: 47d31b792659ce70f470b5c82fdfb7a4
  depends:
  - libgcc-ng >=12
  - ncurses >=6.3,<7.0a0
  license: GPL-3.0-only
  license_family: GPL
  size: 281456
  timestamp: 1679532220005
- conda: https://conda.anaconda.org/conda-forge/linux-64/rhash-1.4.4-hd590300_0.conda
  sha256: 12711d2d4a808a503c2e49b25d26ecb351435521e814c154e682dd2be71c2611
  md5: ec972a9a2925ac8d7a19eb9606561fff
  depends:
  - libgcc-ng >=12
  license: MIT
  license_family: MIT
  size: 185144
  timestamp: 1693455923632
- conda: https://conda.anaconda.org/conda-forge/noarch/six-1.16.0-pyh6c4a22f_0.tar.bz2
  sha256: a85c38227b446f42c5b90d9b642f2c0567880c15d72492d8da074a59c8f91dd6
  md5: e5f25f8dbc060e9a8d912e432202afc2
  depends:
  - python
  license: MIT
  license_family: MIT
  size: 14259
  timestamp: 1620240338595
- conda: https://conda.anaconda.org/conda-forge/noarch/sysroot_linux-64-2.17-h4a8ded7_16.conda
  sha256: b892b0b9c6dc8efe8b9b5442597d1ab8d65c0dc7e4e5a80f822cbdf0a639bd77
  md5: 223fe8a3ff6d5e78484a9d58eb34d055
  depends:
  - _sysroot_linux-64_curr_repodata_hack 3.*
  - kernel-headers_linux-64 3.10.0 h4a8ded7_16
  - tzdata
  license: LGPL-2.0-or-later AND LGPL-2.0-or-later WITH exceptions AND GPL-2.0-or-later AND MPL-2.0
  license_family: GPL
  size: 15513240
  timestamp: 1720621429816
- conda: https://conda.anaconda.org/conda-forge/linux-64/tk-8.6.13-noxft_h4845f30_101.conda
  sha256: e0569c9caa68bf476bead1bed3d79650bb080b532c64a4af7d8ca286c08dea4e
  md5: d453b98d9c83e71da0741bb0ff4d76bc
  depends:
  - libgcc-ng >=12
  - libzlib >=1.2.13,<2.0.0a0
  license: TCL
  license_family: BSD
  size: 3318875
  timestamp: 1699202167581
- conda: https://conda.anaconda.org/conda-forge/noarch/tzdata-2024a-h8827d51_1.conda
  sha256: 7d21c95f61319dba9209ca17d1935e6128af4235a67ee4e57a00908a1450081e
  md5: 8bfdead4e0fff0383ae4c9c50d0531bd
  license: LicenseRef-Public-Domain
  size: 124164
  timestamp: 1724736371498
- conda: https://conda.anaconda.org/conda-forge/linux-64/xz-5.8.1-hbcc6ac9_2.conda
  sha256: 802725371682ea06053971db5b4fb7fbbcaee9cb1804ec688f55e51d74660617
  md5: 68eae977d7d1196d32b636a026dc015d
  depends:
  - __glibc >=2.17,<3.0.a0
  - libgcc >=13
  - liblzma 5.8.1 hb9d3cd8_2
  - liblzma-devel 5.8.1 hb9d3cd8_2
  - xz-gpl-tools 5.8.1 hbcc6ac9_2
  - xz-tools 5.8.1 hb9d3cd8_2
  license: 0BSD AND LGPL-2.1-or-later AND GPL-2.0-or-later
  size: 23987
  timestamp: 1749230104359
- conda: https://conda.anaconda.org/conda-forge/linux-64/xz-gpl-tools-5.8.1-hbcc6ac9_2.conda
  sha256: 840838dca829ec53f1160f3fca6dbfc43f2388b85f15d3e867e69109b168b87b
  md5: bf627c16aa26231720af037a2709ab09
  depends:
  - __glibc >=2.17,<3.0.a0
  - libgcc >=13
  - liblzma 5.8.1 hb9d3cd8_2
  constrains:
  - xz 5.8.1.*
  license: 0BSD AND LGPL-2.1-or-later AND GPL-2.0-or-later
  size: 33911
  timestamp: 1749230090353
- conda: https://conda.anaconda.org/conda-forge/linux-64/xz-tools-5.8.1-hb9d3cd8_2.conda
  sha256: 58034f3fca491075c14e61568ad8b25de00cb3ae479de3e69be6d7ee5d3ace28
  md5: 1bad2995c8f1c8075c6c331bf96e46fb
  depends:
  - __glibc >=2.17,<3.0.a0
  - libgcc >=13
  - liblzma 5.8.1 hb9d3cd8_2
  constrains:
  - xz 5.8.1.*
  license: 0BSD AND LGPL-2.1-or-later
  size: 96433
  timestamp: 1749230076687
- conda: https://conda.anaconda.org/conda-forge/linux-64/yaml-0.2.5-h7f98852_2.tar.bz2
  sha256: a4e34c710eeb26945bdbdaba82d3d74f60a78f54a874ec10d373811a5d217535
  md5: 4cb3ad778ec2d5a7acbdf254eb1c42ae
  depends:
  - libgcc-ng >=9.4.0
  license: MIT
  license_family: MIT
  size: 89141
  timestamp: 1641346969816
- conda: https://conda.anaconda.org/conda-forge/linux-64/zstd-1.5.7-hb8e6e7a_2.conda
  sha256: a4166e3d8ff4e35932510aaff7aa90772f84b4d07e9f6f83c614cba7ceefe0eb
  md5: 6432cb5d4ac0046c3ac0a8a0f95842f9
  depends:
  - __glibc >=2.17,<3.0.a0
  - libgcc >=13
  - libstdcxx >=13
  - libzlib >=1.3.1,<2.0a0
  license: BSD-3-Clause
  license_family: BSD
  size: 567578
  timestamp: 1742433379869
